// !$*UTF8*$!
{
	archiveVersion = 1;
	classes = {
	};
	objectVersion = 50;
	objects = {

/* Begin PBXBuildFile section */
		7AB06B222272BCEC00793E6E /* Converter.swift in Sources */ = {isa = PBXBuildFile; fileRef = 7AB06B212272BCEC00793E6E /* Converter.swift */; };
		7AB06B242272BD0900793E6E /* Operations.swift in Sources */ = {isa = PBXBuildFile; fileRef = 7AB06B232272BD0900793E6E /* Operations.swift */; };
		7AB06B262272C10700793E6E /* DataTableViewCell.swift in Sources */ = {isa = PBXBuildFile; fileRef = 7AB06B252272C10700793E6E /* DataTableViewCell.swift */; };
		7AB06B342272D75D00793E6E /* Pet.swift in Sources */ = {isa = PBXBuildFile; fileRef = 7AB06B332272D75D00793E6E /* Pet.swift */; };
		7AB06B392272DAB300793E6E /* AddDataViewController.swift in Sources */ = {isa = PBXBuildFile; fileRef = 7AB06B382272DAB300793E6E /* AddDataViewController.swift */; };
		7AC519A32271962600F1050C /* AppDelegate.swift in Sources */ = {isa = PBXBuildFile; fileRef = 7AC519A22271962600F1050C /* AppDelegate.swift */; };
		7AC519A52271962600F1050C /* ViewController.swift in Sources */ = {isa = PBXBuildFile; fileRef = 7AC519A42271962600F1050C /* ViewController.swift */; };
		7AC519A82271962600F1050C /* Main.storyboard in Resources */ = {isa = PBXBuildFile; fileRef = 7AC519A62271962600F1050C /* Main.storyboard */; };
		7AC519AA2271962700F1050C /* Assets.xcassets in Resources */ = {isa = PBXBuildFile; fileRef = 7AC519A92271962700F1050C /* Assets.xcassets */; };
		7AC519AD2271962700F1050C /* LaunchScreen.storyboard in Resources */ = {isa = PBXBuildFile; fileRef = 7AC519AB2271962700F1050C /* LaunchScreen.storyboard */; };
		7AC519B82271962700F1050C /* DBRealmExampleTests.swift in Sources */ = {isa = PBXBuildFile; fileRef = 7AC519B72271962700F1050C /* DBRealmExampleTests.swift */; };
		7AC519C32271962700F1050C /* DBRealmExampleUITests.swift in Sources */ = {isa = PBXBuildFile; fileRef = 7AC519C22271962700F1050C /* DBRealmExampleUITests.swift */; };
		7AC519D12271B02D00F1050C /* User.swift in Sources */ = {isa = PBXBuildFile; fileRef = 7AC519D02271B02D00F1050C /* User.swift */; };
		7AC519E22271B35100F1050C /* Realm.framework in Frameworks */ = {isa = PBXBuildFile; fileRef = 7AC519E12271B35100F1050C /* Realm.framework */; };
		7AC519E42271B35100F1050C /* RealmSwift.framework in Frameworks */ = {isa = PBXBuildFile; fileRef = 7AC519E32271B35100F1050C /* RealmSwift.framework */; };
		D88E5E19A836FC74014F113B /* Pods_DBRealmExample.framework in Frameworks */ = {isa = PBXBuildFile; fileRef = 040D5EF1CE221C5F63B9BAC0 /* Pods_DBRealmExample.framework */; };
		F7FD8738BC385122F7DFEC72 /* Pods_DBRealmExampleUITests.framework in Frameworks */ = {isa = PBXBuildFile; fileRef = D46CF05E01F04ED02734F2AB /* Pods_DBRealmExampleUITests.framework */; };
		FE20FBA85CA401326CE7D851 /* Pods_DBRealmExampleTests.framework in Frameworks */ = {isa = PBXBuildFile; fileRef = 25537B7294CB14C7B6A9B470 /* Pods_DBRealmExampleTests.framework */; };
/* End PBXBuildFile section */

/* Begin PBXContainerItemProxy section */
		7AC519B42271962700F1050C /* PBXContainerItemProxy */ = {
			isa = PBXContainerItemProxy;
			containerPortal = 7AC519972271962600F1050C /* Project object */;
			proxyType = 1;
			remoteGlobalIDString = 7AC5199E2271962600F1050C;
			remoteInfo = DBRealmExample;
		};
		7AC519BF2271962700F1050C /* PBXContainerItemProxy */ = {
			isa = PBXContainerItemProxy;
			containerPortal = 7AC519972271962600F1050C /* Project object */;
			proxyType = 1;
			remoteGlobalIDString = 7AC5199E2271962600F1050C;
			remoteInfo = DBRealmExample;
		};
/* End PBXContainerItemProxy section */

/* Begin PBXFileReference section */
		040D5EF1CE221C5F63B9BAC0 /* Pods_DBRealmExample.framework */ = {isa = PBXFileReference; explicitFileType = wrapper.framework; includeInIndex = 0; path = Pods_DBRealmExample.framework; sourceTree = BUILT_PRODUCTS_DIR; };
		25537B7294CB14C7B6A9B470 /* Pods_DBRealmExampleTests.framework */ = {isa = PBXFileReference; explicitFileType = wrapper.framework; includeInIndex = 0; path = Pods_DBRealmExampleTests.framework; sourceTree = BUILT_PRODUCTS_DIR; };
		4FEF91C3045126CB9E12C95A /* Pods-DBRealmExample.release.xcconfig */ = {isa = PBXFileReference; includeInIndex = 1; lastKnownFileType = text.xcconfig; name = "Pods-DBRealmExample.release.xcconfig"; path = "Target Support Files/Pods-DBRealmExample/Pods-DBRealmExample.release.xcconfig"; sourceTree = "<group>"; };
		5C7A24CBC8619FF907D4333D /* Pods-DBRealmExample.debug.xcconfig */ = {isa = PBXFileReference; includeInIndex = 1; lastKnownFileType = text.xcconfig; name = "Pods-DBRealmExample.debug.xcconfig"; path = "Target Support Files/Pods-DBRealmExample/Pods-DBRealmExample.debug.xcconfig"; sourceTree = "<group>"; };
		63DA5A3895F92FBEB7F83C88 /* Pods-DBRealmExampleTests.release.xcconfig */ = {isa = PBXFileReference; includeInIndex = 1; lastKnownFileType = text.xcconfig; name = "Pods-DBRealmExampleTests.release.xcconfig"; path = "Target Support Files/Pods-DBRealmExampleTests/Pods-DBRealmExampleTests.release.xcconfig"; sourceTree = "<group>"; };
		7AB06B212272BCEC00793E6E /* Converter.swift */ = {isa = PBXFileReference; lastKnownFileType = sourcecode.swift; path = Converter.swift; sourceTree = "<group>"; };
		7AB06B232272BD0900793E6E /* Operations.swift */ = {isa = PBXFileReference; lastKnownFileType = sourcecode.swift; path = Operations.swift; sourceTree = "<group>"; };
		7AB06B252272C10700793E6E /* DataTableViewCell.swift */ = {isa = PBXFileReference; lastKnownFileType = sourcecode.swift; path = DataTableViewCell.swift; sourceTree = "<group>"; };
		7AB06B332272D75D00793E6E /* Pet.swift */ = {isa = PBXFileReference; lastKnownFileType = sourcecode.swift; path = Pet.swift; sourceTree = "<group>"; };
		7AB06B382272DAB300793E6E /* AddDataViewController.swift */ = {isa = PBXFileReference; lastKnownFileType = sourcecode.swift; path = AddDataViewController.swift; sourceTree = "<group>"; };
		7AC5199F2271962600F1050C /* DBRealmExample.app */ = {isa = PBXFileReference; explicitFileType = wrapper.application; includeInIndex = 0; path = DBRealmExample.app; sourceTree = BUILT_PRODUCTS_DIR; };
		7AC519A22271962600F1050C /* AppDelegate.swift */ = {isa = PBXFileReference; lastKnownFileType = sourcecode.swift; path = AppDelegate.swift; sourceTree = "<group>"; };
		7AC519A42271962600F1050C /* ViewController.swift */ = {isa = PBXFileReference; lastKnownFileType = sourcecode.swift; path = ViewController.swift; sourceTree = "<group>"; };
		7AC519A72271962600F1050C /* Base */ = {isa = PBXFileReference; lastKnownFileType = file.storyboard; name = Base; path = Base.lproj/Main.storyboard; sourceTree = "<group>"; };
		7AC519A92271962700F1050C /* Assets.xcassets */ = {isa = PBXFileReference; lastKnownFileType = folder.assetcatalog; path = Assets.xcassets; sourceTree = "<group>"; };
		7AC519AC2271962700F1050C /* Base */ = {isa = PBXFileReference; lastKnownFileType = file.storyboard; name = Base; path = Base.lproj/LaunchScreen.storyboard; sourceTree = "<group>"; };
		7AC519AE2271962700F1050C /* Info.plist */ = {isa = PBXFileReference; lastKnownFileType = text.plist.xml; path = Info.plist; sourceTree = "<group>"; };
		7AC519B32271962700F1050C /* DBRealmExampleTests.xctest */ = {isa = PBXFileReference; explicitFileType = wrapper.cfbundle; includeInIndex = 0; path = DBRealmExampleTests.xctest; sourceTree = BUILT_PRODUCTS_DIR; };
		7AC519B72271962700F1050C /* DBRealmExampleTests.swift */ = {isa = PBXFileReference; lastKnownFileType = sourcecode.swift; path = DBRealmExampleTests.swift; sourceTree = "<group>"; };
		7AC519B92271962700F1050C /* Info.plist */ = {isa = PBXFileReference; lastKnownFileType = text.plist.xml; path = Info.plist; sourceTree = "<group>"; };
		7AC519BE2271962700F1050C /* DBRealmExampleUITests.xctest */ = {isa = PBXFileReference; explicitFileType = wrapper.cfbundle; includeInIndex = 0; path = DBRealmExampleUITests.xctest; sourceTree = BUILT_PRODUCTS_DIR; };
		7AC519C22271962700F1050C /* DBRealmExampleUITests.swift */ = {isa = PBXFileReference; lastKnownFileType = sourcecode.swift; path = DBRealmExampleUITests.swift; sourceTree = "<group>"; };
		7AC519C42271962700F1050C /* Info.plist */ = {isa = PBXFileReference; lastKnownFileType = text.plist.xml; path = Info.plist; sourceTree = "<group>"; };
		7AC519D02271B02D00F1050C /* User.swift */ = {isa = PBXFileReference; lastKnownFileType = sourcecode.swift; path = User.swift; sourceTree = "<group>"; };
		7AC519D92271B28000F1050C /* Realm.framework */ = {isa = PBXFileReference; explicitFileType = wrapper.framework; path = Realm.framework; sourceTree = BUILT_PRODUCTS_DIR; };
		7AC519DB2271B28000F1050C /* RealmSwift.framework */ = {isa = PBXFileReference; explicitFileType = wrapper.framework; path = RealmSwift.framework; sourceTree = BUILT_PRODUCTS_DIR; };
		7AC519DD2271B30E00F1050C /* Realm.framework */ = {isa = PBXFileReference; explicitFileType = wrapper.framework; path = Realm.framework; sourceTree = BUILT_PRODUCTS_DIR; };
		7AC519DF2271B30E00F1050C /* RealmSwift.framework */ = {isa = PBXFileReference; explicitFileType = wrapper.framework; path = RealmSwift.framework; sourceTree = BUILT_PRODUCTS_DIR; };
		7AC519E12271B35100F1050C /* Realm.framework */ = {isa = PBXFileReference; explicitFileType = wrapper.framework; path = Realm.framework; sourceTree = BUILT_PRODUCTS_DIR; };
		7AC519E32271B35100F1050C /* RealmSwift.framework */ = {isa = PBXFileReference; explicitFileType = wrapper.framework; path = RealmSwift.framework; sourceTree = BUILT_PRODUCTS_DIR; };
		B2D066AC5A98303D3CAF3286 /* Pods-DBRealmExampleUITests.debug.xcconfig */ = {isa = PBXFileReference; includeInIndex = 1; lastKnownFileType = text.xcconfig; name = "Pods-DBRealmExampleUITests.debug.xcconfig"; path = "Target Support Files/Pods-DBRealmExampleUITests/Pods-DBRealmExampleUITests.debug.xcconfig"; sourceTree = "<group>"; };
		C46FABAD5FA4F5B382A43381 /* Pods-DBRealmExampleTests.debug.xcconfig */ = {isa = PBXFileReference; includeInIndex = 1; lastKnownFileType = text.xcconfig; name = "Pods-DBRealmExampleTests.debug.xcconfig"; path = "Target Support Files/Pods-DBRealmExampleTests/Pods-DBRealmExampleTests.debug.xcconfig"; sourceTree = "<group>"; };
		C5EF8B392C1FBF6F648C1DCB /* Pods-DBRealmExampleUITests.release.xcconfig */ = {isa = PBXFileReference; includeInIndex = 1; lastKnownFileType = text.xcconfig; name = "Pods-DBRealmExampleUITests.release.xcconfig"; path = "Target Support Files/Pods-DBRealmExampleUITests/Pods-DBRealmExampleUITests.release.xcconfig"; sourceTree = "<group>"; };
		D46CF05E01F04ED02734F2AB /* Pods_DBRealmExampleUITests.framework */ = {isa = PBXFileReference; explicitFileType = wrapper.framework; includeInIndex = 0; path = Pods_DBRealmExampleUITests.framework; sourceTree = BUILT_PRODUCTS_DIR; };
/* End PBXFileReference section */

/* Begin PBXFrameworksBuildPhase section */
		7AC5199C2271962600F1050C /* Frameworks */ = {
			isa = PBXFrameworksBuildPhase;
			buildActionMask = 2147483647;
			files = (
				7AC519E22271B35100F1050C /* Realm.framework in Frameworks */,
				7AC519E42271B35100F1050C /* RealmSwift.framework in Frameworks */,
				D88E5E19A836FC74014F113B /* Pods_DBRealmExample.framework in Frameworks */,
			);
			runOnlyForDeploymentPostprocessing = 0;
		};
		7AC519B02271962700F1050C /* Frameworks */ = {
			isa = PBXFrameworksBuildPhase;
			buildActionMask = 2147483647;
			files = (
				FE20FBA85CA401326CE7D851 /* Pods_DBRealmExampleTests.framework in Frameworks */,
			);
			runOnlyForDeploymentPostprocessing = 0;
		};
		7AC519BB2271962700F1050C /* Frameworks */ = {
			isa = PBXFrameworksBuildPhase;
			buildActionMask = 2147483647;
			files = (
				F7FD8738BC385122F7DFEC72 /* Pods_DBRealmExampleUITests.framework in Frameworks */,
			);
			runOnlyForDeploymentPostprocessing = 0;
		};
/* End PBXFrameworksBuildPhase section */

/* Begin PBXGroup section */
		7AB06B1C2272BC3900793E6E /* Model */ = {
			isa = PBXGroup;
			children = (
				7AC519D02271B02D00F1050C /* User.swift */,
				7AB06B332272D75D00793E6E /* Pet.swift */,
			);
			path = Model;
			sourceTree = "<group>";
		};
		7AB06B1F2272BC6000793E6E /* Operations */ = {
			isa = PBXGroup;
			children = (
				7AB06B232272BD0900793E6E /* Operations.swift */,
			);
			path = Operations;
			sourceTree = "<group>";
		};
		7AB06B202272BC6800793E6E /* Converters */ = {
			isa = PBXGroup;
			children = (
				7AB06B212272BCEC00793E6E /* Converter.swift */,
			);
			path = Converters;
			sourceTree = "<group>";
		};
		7AC519962271962600F1050C = {
			isa = PBXGroup;
			children = (
				7AC519A12271962600F1050C /* DBRealmExample */,
				7AC519B62271962700F1050C /* DBRealmExampleTests */,
				7AC519C12271962700F1050C /* DBRealmExampleUITests */,
				7AC519A02271962600F1050C /* Products */,
				BF17125245E2B69B651E65CC /* Pods */,
				B263BC7BA842FA65048D3B72 /* Frameworks */,
			);
			sourceTree = "<group>";
		};
		7AC519A02271962600F1050C /* Products */ = {
			isa = PBXGroup;
			children = (
				7AC5199F2271962600F1050C /* DBRealmExample.app */,
				7AC519B32271962700F1050C /* DBRealmExampleTests.xctest */,
				7AC519BE2271962700F1050C /* DBRealmExampleUITests.xctest */,
			);
			name = Products;
			sourceTree = "<group>";
		};
		7AC519A12271962600F1050C /* DBRealmExample */ = {
			isa = PBXGroup;
			children = (
				7AB06B202272BC6800793E6E /* Converters */,
				7AB06B1F2272BC6000793E6E /* Operations */,
				7AB06B1C2272BC3900793E6E /* Model */,
				7AC519A22271962600F1050C /* AppDelegate.swift */,
				7AB06B382272DAB300793E6E /* AddDataViewController.swift */,
				7AC519A42271962600F1050C /* ViewController.swift */,
				7AB06B252272C10700793E6E /* DataTableViewCell.swift */,
				7AC519A62271962600F1050C /* Main.storyboard */,
				7AC519A92271962700F1050C /* Assets.xcassets */,
				7AC519AB2271962700F1050C /* LaunchScreen.storyboard */,
				7AC519AE2271962700F1050C /* Info.plist */,
			);
			path = DBRealmExample;
			sourceTree = "<group>";
		};
		7AC519B62271962700F1050C /* DBRealmExampleTests */ = {
			isa = PBXGroup;
			children = (
				7AC519B72271962700F1050C /* DBRealmExampleTests.swift */,
				7AC519B92271962700F1050C /* Info.plist */,
			);
			path = DBRealmExampleTests;
			sourceTree = "<group>";
		};
		7AC519C12271962700F1050C /* DBRealmExampleUITests */ = {
			isa = PBXGroup;
			children = (
				7AC519C22271962700F1050C /* DBRealmExampleUITests.swift */,
				7AC519C42271962700F1050C /* Info.plist */,
			);
			path = DBRealmExampleUITests;
			sourceTree = "<group>";
		};
		B263BC7BA842FA65048D3B72 /* Frameworks */ = {
			isa = PBXGroup;
			children = (
				7AC519E12271B35100F1050C /* Realm.framework */,
				7AC519E32271B35100F1050C /* RealmSwift.framework */,
				7AC519DD2271B30E00F1050C /* Realm.framework */,
				7AC519DF2271B30E00F1050C /* RealmSwift.framework */,
				7AC519D92271B28000F1050C /* Realm.framework */,
				7AC519DB2271B28000F1050C /* RealmSwift.framework */,
				040D5EF1CE221C5F63B9BAC0 /* Pods_DBRealmExample.framework */,
				25537B7294CB14C7B6A9B470 /* Pods_DBRealmExampleTests.framework */,
				D46CF05E01F04ED02734F2AB /* Pods_DBRealmExampleUITests.framework */,
			);
			name = Frameworks;
			sourceTree = "<group>";
		};
		BF17125245E2B69B651E65CC /* Pods */ = {
			isa = PBXGroup;
			children = (
				5C7A24CBC8619FF907D4333D /* Pods-DBRealmExample.debug.xcconfig */,
				4FEF91C3045126CB9E12C95A /* Pods-DBRealmExample.release.xcconfig */,
				C46FABAD5FA4F5B382A43381 /* Pods-DBRealmExampleTests.debug.xcconfig */,
				63DA5A3895F92FBEB7F83C88 /* Pods-DBRealmExampleTests.release.xcconfig */,
				B2D066AC5A98303D3CAF3286 /* Pods-DBRealmExampleUITests.debug.xcconfig */,
				C5EF8B392C1FBF6F648C1DCB /* Pods-DBRealmExampleUITests.release.xcconfig */,
			);
			path = Pods;
			sourceTree = "<group>";
		};
/* End PBXGroup section */

/* Begin PBXNativeTarget section */
		7AC5199E2271962600F1050C /* DBRealmExample */ = {
			isa = PBXNativeTarget;
			buildConfigurationList = 7AC519C72271962700F1050C /* Build configuration list for PBXNativeTarget "DBRealmExample" */;
			buildPhases = (
				FA285FE1A878174564DF7BDF /* [CP] Check Pods Manifest.lock */,
				7AC5199B2271962600F1050C /* Sources */,
				7AC5199C2271962600F1050C /* Frameworks */,
				7AC5199D2271962600F1050C /* Resources */,
				AF4FD087CFED99D30D06B6BD /* [CP] Embed Pods Frameworks */,
			);
			buildRules = (
			);
			dependencies = (
			);
			name = DBRealmExample;
			productName = DBRealmExample;
			productReference = 7AC5199F2271962600F1050C /* DBRealmExample.app */;
			productType = "com.apple.product-type.application";
		};
		7AC519B22271962700F1050C /* DBRealmExampleTests */ = {
			isa = PBXNativeTarget;
			buildConfigurationList = 7AC519CA2271962700F1050C /* Build configuration list for PBXNativeTarget "DBRealmExampleTests" */;
			buildPhases = (
				211F946FF9604F391618BC68 /* [CP] Check Pods Manifest.lock */,
				7AC519AF2271962700F1050C /* Sources */,
				7AC519B02271962700F1050C /* Frameworks */,
				7AC519B12271962700F1050C /* Resources */,
			);
			buildRules = (
			);
			dependencies = (
				7AC519B52271962700F1050C /* PBXTargetDependency */,
			);
			name = DBRealmExampleTests;
			productName = DBRealmExampleTests;
			productReference = 7AC519B32271962700F1050C /* DBRealmExampleTests.xctest */;
			productType = "com.apple.product-type.bundle.unit-test";
		};
		7AC519BD2271962700F1050C /* DBRealmExampleUITests */ = {
			isa = PBXNativeTarget;
			buildConfigurationList = 7AC519CD2271962700F1050C /* Build configuration list for PBXNativeTarget "DBRealmExampleUITests" */;
			buildPhases = (
				7207D7E6CEB29CCF3E0C95E2 /* [CP] Check Pods Manifest.lock */,
				7AC519BA2271962700F1050C /* Sources */,
				7AC519BB2271962700F1050C /* Frameworks */,
				7AC519BC2271962700F1050C /* Resources */,
			);
			buildRules = (
			);
			dependencies = (
				7AC519C02271962700F1050C /* PBXTargetDependency */,
			);
			name = DBRealmExampleUITests;
			productName = DBRealmExampleUITests;
			productReference = 7AC519BE2271962700F1050C /* DBRealmExampleUITests.xctest */;
			productType = "com.apple.product-type.bundle.ui-testing";
		};
/* End PBXNativeTarget section */

/* Begin PBXProject section */
		7AC519972271962600F1050C /* Project object */ = {
			isa = PBXProject;
			attributes = {
				LastSwiftUpdateCheck = 1020;
				LastUpgradeCheck = 1020;
				ORGANIZATIONNAME = adarsh;
				TargetAttributes = {
					7AC5199E2271962600F1050C = {
						CreatedOnToolsVersion = 10.2;
					};
					7AC519B22271962700F1050C = {
						CreatedOnToolsVersion = 10.2;
						TestTargetID = 7AC5199E2271962600F1050C;
					};
					7AC519BD2271962700F1050C = {
						CreatedOnToolsVersion = 10.2;
						TestTargetID = 7AC5199E2271962600F1050C;
					};
				};
			};
			buildConfigurationList = 7AC5199A2271962600F1050C /* Build configuration list for PBXProject "DBRealmExample" */;
			compatibilityVersion = "Xcode 9.3";
			developmentRegion = en;
			hasScannedForEncodings = 0;
			knownRegions = (
				en,
				Base,
			);
			mainGroup = 7AC519962271962600F1050C;
			productRefGroup = 7AC519A02271962600F1050C /* Products */;
			projectDirPath = "";
			projectRoot = "";
			targets = (
				7AC5199E2271962600F1050C /* DBRealmExample */,
				7AC519B22271962700F1050C /* DBRealmExampleTests */,
				7AC519BD2271962700F1050C /* DBRealmExampleUITests */,
			);
		};
/* End PBXProject section */

/* Begin PBXResourcesBuildPhase section */
		7AC5199D2271962600F1050C /* Resources */ = {
			isa = PBXResourcesBuildPhase;
			buildActionMask = 2147483647;
			files = (
				7AC519AD2271962700F1050C /* LaunchScreen.storyboard in Resources */,
				7AC519AA2271962700F1050C /* Assets.xcassets in Resources */,
				7AC519A82271962600F1050C /* Main.storyboard in Resources */,
			);
			runOnlyForDeploymentPostprocessing = 0;
		};
		7AC519B12271962700F1050C /* Resources */ = {
			isa = PBXResourcesBuildPhase;
			buildActionMask = 2147483647;
			files = (
			);
			runOnlyForDeploymentPostprocessing = 0;
		};
		7AC519BC2271962700F1050C /* Resources */ = {
			isa = PBXResourcesBuildPhase;
			buildActionMask = 2147483647;
			files = (
			);
			runOnlyForDeploymentPostprocessing = 0;
		};
/* End PBXResourcesBuildPhase section */

/* Begin PBXShellScriptBuildPhase section */
		211F946FF9604F391618BC68 /* [CP] Check Pods Manifest.lock */ = {
			isa = PBXShellScriptBuildPhase;
			buildActionMask = 2147483647;
			files = (
			);
			inputFileListPaths = (
			);
			inputPaths = (
				"${PODS_PODFILE_DIR_PATH}/Podfile.lock",
				"${PODS_ROOT}/Manifest.lock",
			);
			name = "[CP] Check Pods Manifest.lock";
			outputFileListPaths = (
			);
			outputPaths = (
				"$(DERIVED_FILE_DIR)/Pods-DBRealmExampleTests-checkManifestLockResult.txt",
			);
			runOnlyForDeploymentPostprocessing = 0;
			shellPath = /bin/sh;
			shellScript = "diff \"${PODS_PODFILE_DIR_PATH}/Podfile.lock\" \"${PODS_ROOT}/Manifest.lock\" > /dev/null\nif [ $? != 0 ] ; then\n    # print error to STDERR\n    echo \"error: The sandbox is not in sync with the Podfile.lock. Run 'pod install' or update your CocoaPods installation.\" >&2\n    exit 1\nfi\n# This output is used by Xcode 'outputs' to avoid re-running this script phase.\necho \"SUCCESS\" > \"${SCRIPT_OUTPUT_FILE_0}\"\n";
			showEnvVarsInLog = 0;
		};
		7207D7E6CEB29CCF3E0C95E2 /* [CP] Check Pods Manifest.lock */ = {
			isa = PBXShellScriptBuildPhase;
			buildActionMask = 2147483647;
			files = (
			);
			inputFileListPaths = (
			);
			inputPaths = (
				"${PODS_PODFILE_DIR_PATH}/Podfile.lock",
				"${PODS_ROOT}/Manifest.lock",
			);
			name = "[CP] Check Pods Manifest.lock";
			outputFileListPaths = (
			);
			outputPaths = (
				"$(DERIVED_FILE_DIR)/Pods-DBRealmExampleUITests-checkManifestLockResult.txt",
			);
			runOnlyForDeploymentPostprocessing = 0;
			shellPath = /bin/sh;
			shellScript = "diff \"${PODS_PODFILE_DIR_PATH}/Podfile.lock\" \"${PODS_ROOT}/Manifest.lock\" > /dev/null\nif [ $? != 0 ] ; then\n    # print error to STDERR\n    echo \"error: The sandbox is not in sync with the Podfile.lock. Run 'pod install' or update your CocoaPods installation.\" >&2\n    exit 1\nfi\n# This output is used by Xcode 'outputs' to avoid re-running this script phase.\necho \"SUCCESS\" > \"${SCRIPT_OUTPUT_FILE_0}\"\n";
			showEnvVarsInLog = 0;
		};
		AF4FD087CFED99D30D06B6BD /* [CP] Embed Pods Frameworks */ = {
			isa = PBXShellScriptBuildPhase;
			buildActionMask = 2147483647;
			files = (
			);
			inputFileListPaths = (
			);
			inputPaths = (
				"${PODS_ROOT}/Target Support Files/Pods-DBRealmExample/Pods-DBRealmExample-frameworks.sh",
				"${BUILT_PRODUCTS_DIR}/Realm/Realm.framework",
				"${BUILT_PRODUCTS_DIR}/RealmSwift/RealmSwift.framework",
			);
			name = "[CP] Embed Pods Frameworks";
			outputFileListPaths = (
			);
			outputPaths = (
				"${TARGET_BUILD_DIR}/${FRAMEWORKS_FOLDER_PATH}/Realm.framework",
				"${TARGET_BUILD_DIR}/${FRAMEWORKS_FOLDER_PATH}/RealmSwift.framework",
			);
			runOnlyForDeploymentPostprocessing = 0;
			shellPath = /bin/sh;
			shellScript = "\"${PODS_ROOT}/Target Support Files/Pods-DBRealmExample/Pods-DBRealmExample-frameworks.sh\"\n";
			showEnvVarsInLog = 0;
		};
		FA285FE1A878174564DF7BDF /* [CP] Check Pods Manifest.lock */ = {
			isa = PBXShellScriptBuildPhase;
			buildActionMask = 2147483647;
			files = (
			);
			inputFileListPaths = (
			);
			inputPaths = (
				"${PODS_PODFILE_DIR_PATH}/Podfile.lock",
				"${PODS_ROOT}/Manifest.lock",
			);
			name = "[CP] Check Pods Manifest.lock";
			outputFileListPaths = (
			);
			outputPaths = (
				"$(DERIVED_FILE_DIR)/Pods-DBRealmExample-checkManifestLockResult.txt",
			);
			runOnlyForDeploymentPostprocessing = 0;
			shellPath = /bin/sh;
			shellScript = "diff \"${PODS_PODFILE_DIR_PATH}/Podfile.lock\" \"${PODS_ROOT}/Manifest.lock\" > /dev/null\nif [ $? != 0 ] ; then\n    # print error to STDERR\n    echo \"error: The sandbox is not in sync with the Podfile.lock. Run 'pod install' or update your CocoaPods installation.\" >&2\n    exit 1\nfi\n# This output is used by Xcode 'outputs' to avoid re-running this script phase.\necho \"SUCCESS\" > \"${SCRIPT_OUTPUT_FILE_0}\"\n";
			showEnvVarsInLog = 0;
		};
/* End PBXShellScriptBuildPhase section */

/* Begin PBXSourcesBuildPhase section */
		7AC5199B2271962600F1050C /* Sources */ = {
			isa = PBXSourcesBuildPhase;
			buildActionMask = 2147483647;
			files = (
				7AB06B392272DAB300793E6E /* AddDataViewController.swift in Sources */,
				7AB06B342272D75D00793E6E /* Pet.swift in Sources */,
				7AC519A52271962600F1050C /* ViewController.swift in Sources */,
				7AB06B262272C10700793E6E /* DataTableViewCell.swift in Sources */,
				7AC519A32271962600F1050C /* AppDelegate.swift in Sources */,
				7AB06B222272BCEC00793E6E /* Converter.swift in Sources */,
				7AC519D12271B02D00F1050C /* User.swift in Sources */,
				7AB06B242272BD0900793E6E /* Operations.swift in Sources */,
			);
			runOnlyForDeploymentPostprocessing = 0;
		};
		7AC519AF2271962700F1050C /* Sources */ = {
			isa = PBXSourcesBuildPhase;
			buildActionMask = 2147483647;
			files = (
				7AC519B82271962700F1050C /* DBRealmExampleTests.swift in Sources */,
			);
			runOnlyForDeploymentPostprocessing = 0;
		};
		7AC519BA2271962700F1050C /* Sources */ = {
			isa = PBXSourcesBuildPhase;
			buildActionMask = 2147483647;
			files = (
				7AC519C32271962700F1050C /* DBRealmExampleUITests.swift in Sources */,
			);
			runOnlyForDeploymentPostprocessing = 0;
		};
/* End PBXSourcesBuildPhase section */

/* Begin PBXTargetDependency section */
		7AC519B52271962700F1050C /* PBXTargetDependency */ = {
			isa = PBXTargetDependency;
			target = 7AC5199E2271962600F1050C /* DBRealmExample */;
			targetProxy = 7AC519B42271962700F1050C /* PBXContainerItemProxy */;
		};
		7AC519C02271962700F1050C /* PBXTargetDependency */ = {
			isa = PBXTargetDependency;
			target = 7AC5199E2271962600F1050C /* DBRealmExample */;
			targetProxy = 7AC519BF2271962700F1050C /* PBXContainerItemProxy */;
		};
/* End PBXTargetDependency section */

/* Begin PBXVariantGroup section */
		7AC519A62271962600F1050C /* Main.storyboard */ = {
			isa = PBXVariantGroup;
			children = (
				7AC519A72271962600F1050C /* Base */,
			);
			name = Main.storyboard;
			sourceTree = "<group>";
		};
		7AC519AB2271962700F1050C /* LaunchScreen.storyboard */ = {
			isa = PBXVariantGroup;
			children = (
				7AC519AC2271962700F1050C /* Base */,
			);
			name = LaunchScreen.storyboard;
			sourceTree = "<group>";
		};
/* End PBXVariantGroup section */

/* Begin XCBuildConfiguration section */
		7AC519C52271962700F1050C /* Debug */ = {
			isa = XCBuildConfiguration;
			buildSettings = {
				ALWAYS_SEARCH_USER_PATHS = NO;
				CLANG_ANALYZER_NONNULL = YES;
				CLANG_ANALYZER_NUMBER_OBJECT_CONVERSION = YES_AGGRESSIVE;
				CLANG_CXX_LANGUAGE_STANDARD = "gnu++14";
				CLANG_CXX_LIBRARY = "libc++";
				CLANG_ENABLE_MODULES = YES;
				CLANG_ENABLE_OBJC_ARC = YES;
				CLANG_ENABLE_OBJC_WEAK = YES;
				CLANG_WARN_BLOCK_CAPTURE_AUTORELEASING = YES;
				CLANG_WARN_BOOL_CONVERSION = YES;
				CLANG_WARN_COMMA = YES;
				CLANG_WARN_CONSTANT_CONVERSION = YES;
				CLANG_WARN_DEPRECATED_OBJC_IMPLEMENTATIONS = YES;
				CLANG_WARN_DIRECT_OBJC_ISA_USAGE = YES_ERROR;
				CLANG_WARN_DOCUMENTATION_COMMENTS = YES;
				CLANG_WARN_EMPTY_BODY = YES;
				CLANG_WARN_ENUM_CONVERSION = YES;
				CLANG_WARN_INFINITE_RECURSION = YES;
				CLANG_WARN_INT_CONVERSION = YES;
				CLANG_WARN_NON_LITERAL_NULL_CONVERSION = YES;
				CLANG_WARN_OBJC_IMPLICIT_RETAIN_SELF = YES;
				CLANG_WARN_OBJC_LITERAL_CONVERSION = YES;
				CLANG_WARN_OBJC_ROOT_CLASS = YES_ERROR;
				CLANG_WARN_RANGE_LOOP_ANALYSIS = YES;
				CLANG_WARN_STRICT_PROTOTYPES = YES;
				CLANG_WARN_SUSPICIOUS_MOVE = YES;
				CLANG_WARN_UNGUARDED_AVAILABILITY = YES_AGGRESSIVE;
				CLANG_WARN_UNREACHABLE_CODE = YES;
				CLANG_WARN__DUPLICATE_METHOD_MATCH = YES;
				CODE_SIGN_IDENTITY = "iPhone Developer";
				COPY_PHASE_STRIP = NO;
				DEBUG_INFORMATION_FORMAT = dwarf;
				ENABLE_STRICT_OBJC_MSGSEND = YES;
				ENABLE_TESTABILITY = YES;
				GCC_C_LANGUAGE_STANDARD = gnu11;
				GCC_DYNAMIC_NO_PIC = NO;
				GCC_NO_COMMON_BLOCKS = YES;
				GCC_OPTIMIZATION_LEVEL = 0;
				GCC_PREPROCESSOR_DEFINITIONS = (
					"DEBUG=1",
					"$(inherited)",
				);
				GCC_WARN_64_TO_32_BIT_CONVERSION = YES;
				GCC_WARN_ABOUT_RETURN_TYPE = YES_ERROR;
				GCC_WARN_UNDECLARED_SELECTOR = YES;
				GCC_WARN_UNINITIALIZED_AUTOS = YES_AGGRESSIVE;
				GCC_WARN_UNUSED_FUNCTION = YES;
				GCC_WARN_UNUSED_VARIABLE = YES;
				IPHONEOS_DEPLOYMENT_TARGET = 12.2;
				MTL_ENABLE_DEBUG_INFO = INCLUDE_SOURCE;
				MTL_FAST_MATH = YES;
				ONLY_ACTIVE_ARCH = YES;
				SDKROOT = iphoneos;
				SWIFT_ACTIVE_COMPILATION_CONDITIONS = DEBUG;
				SWIFT_OPTIMIZATION_LEVEL = "-Onone";
			};
			name = Debug;
		};
		7AC519C62271962700F1050C /* Release */ = {
			isa = XCBuildConfiguration;
			buildSettings = {
				ALWAYS_SEARCH_USER_PATHS = NO;
				CLANG_ANALYZER_NONNULL = YES;
				CLANG_ANALYZER_NUMBER_OBJECT_CONVERSION = YES_AGGRESSIVE;
				CLANG_CXX_LANGUAGE_STANDARD = "gnu++14";
				CLANG_CXX_LIBRARY = "libc++";
				CLANG_ENABLE_MODULES = YES;
				CLANG_ENABLE_OBJC_ARC = YES;
				CLANG_ENABLE_OBJC_WEAK = YES;
				CLANG_WARN_BLOCK_CAPTURE_AUTORELEASING = YES;
				CLANG_WARN_BOOL_CONVERSION = YES;
				CLANG_WARN_COMMA = YES;
				CLANG_WARN_CONSTANT_CONVERSION = YES;
				CLANG_WARN_DEPRECATED_OBJC_IMPLEMENTATIONS = YES;
				CLANG_WARN_DIRECT_OBJC_ISA_USAGE = YES_ERROR;
				CLANG_WARN_DOCUMENTATION_COMMENTS = YES;
				CLANG_WARN_EMPTY_BODY = YES;
				CLANG_WARN_ENUM_CONVERSION = YES;
				CLANG_WARN_INFINITE_RECURSION = YES;
				CLANG_WARN_INT_CONVERSION = YES;
				CLANG_WARN_NON_LITERAL_NULL_CONVERSION = YES;
				CLANG_WARN_OBJC_IMPLICIT_RETAIN_SELF = YES;
				CLANG_WARN_OBJC_LITERAL_CONVERSION = YES;
				CLANG_WARN_OBJC_ROOT_CLASS = YES_ERROR;
				CLANG_WARN_RANGE_LOOP_ANALYSIS = YES;
				CLANG_WARN_STRICT_PROTOTYPES = YES;
				CLANG_WARN_SUSPICIOUS_MOVE = YES;
				CLANG_WARN_UNGUARDED_AVAILABILITY = YES_AGGRESSIVE;
				CLANG_WARN_UNREACHABLE_CODE = YES;
				CLANG_WARN__DUPLICATE_METHOD_MATCH = YES;
				CODE_SIGN_IDENTITY = "iPhone Developer";
				COPY_PHASE_STRIP = NO;
				DEBUG_INFORMATION_FORMAT = "dwarf-with-dsym";
				ENABLE_NS_ASSERTIONS = NO;
				ENABLE_STRICT_OBJC_MSGSEND = YES;
				GCC_C_LANGUAGE_STANDARD = gnu11;
				GCC_NO_COMMON_BLOCKS = YES;
				GCC_WARN_64_TO_32_BIT_CONVERSION = YES;
				GCC_WARN_ABOUT_RETURN_TYPE = YES_ERROR;
				GCC_WARN_UNDECLARED_SELECTOR = YES;
				GCC_WARN_UNINITIALIZED_AUTOS = YES_AGGRESSIVE;
				GCC_WARN_UNUSED_FUNCTION = YES;
				GCC_WARN_UNUSED_VARIABLE = YES;
				IPHONEOS_DEPLOYMENT_TARGET = 12.2;
				MTL_ENABLE_DEBUG_INFO = NO;
				MTL_FAST_MATH = YES;
				SDKROOT = iphoneos;
				SWIFT_COMPILATION_MODE = wholemodule;
				SWIFT_OPTIMIZATION_LEVEL = "-O";
				VALIDATE_PRODUCT = YES;
			};
			name = Release;
		};
		7AC519C82271962700F1050C /* Debug */ = {
			isa = XCBuildConfiguration;
			baseConfigurationReference = 5C7A24CBC8619FF907D4333D /* Pods-DBRealmExample.debug.xcconfig */;
			buildSettings = {
				ASSETCATALOG_COMPILER_APPICON_NAME = AppIcon;
				CODE_SIGN_STYLE = Manual;
				DEVELOPMENT_TEAM = "";
				INFOPLIST_FILE = DBRealmExample/Info.plist;
				LD_RUNPATH_SEARCH_PATHS = (
					"$(inherited)",
					"@executable_path/Frameworks",
				);
				PRODUCT_BUNDLE_IDENTIFIER = adarsh.DBRealmExample;
				PRODUCT_NAME = "$(TARGET_NAME)";
				PROVISIONING_PROFILE_SPECIFIER = "";
				SWIFT_VERSION = 5.0;
				TARGETED_DEVICE_FAMILY = "1,2";
			};
			name = Debug;
		};
		7AC519C92271962700F1050C /* Release */ = {
			isa = XCBuildConfiguration;
			baseConfigurationReference = 4FEF91C3045126CB9E12C95A /* Pods-DBRealmExample.release.xcconfig */;
			buildSettings = {
				ASSETCATALOG_COMPILER_APPICON_NAME = AppIcon;
				CODE_SIGN_STYLE = Manual;
				DEVELOPMENT_TEAM = "";
				INFOPLIST_FILE = DBRealmExample/Info.plist;
				LD_RUNPATH_SEARCH_PATHS = (
					"$(inherited)",
					"@executable_path/Frameworks",
				);
				PRODUCT_BUNDLE_IDENTIFIER = adarsh.DBRealmExample;
				PRODUCT_NAME = "$(TARGET_NAME)";
				PROVISIONING_PROFILE_SPECIFIER = "";
				SWIFT_VERSION = 5.0;
				TARGETED_DEVICE_FAMILY = "1,2";
			};
			name = Release;
		};
		7AC519CB2271962700F1050C /* Debug */ = {
			isa = XCBuildConfiguration;
			baseConfigurationReference = C46FABAD5FA4F5B382A43381 /* Pods-DBRealmExampleTests.debug.xcconfig */;
			buildSettings = {
				ALWAYS_EMBED_SWIFT_STANDARD_LIBRARIES = YES;
				BUNDLE_LOADER = "$(TEST_HOST)";
				CODE_SIGN_STYLE = Automatic;
				INFOPLIST_FILE = DBRealmExampleTests/Info.plist;
				LD_RUNPATH_SEARCH_PATHS = (
					"$(inherited)",
					"@executable_path/Frameworks",
					"@loader_path/Frameworks",
				);
				PRODUCT_BUNDLE_IDENTIFIER = adarsh.DBRealmExampleTests;
				PRODUCT_NAME = "$(TARGET_NAME)";
				SWIFT_VERSION = 5.0;
				TARGETED_DEVICE_FAMILY = "1,2";
				TEST_HOST = "$(BUILT_PRODUCTS_DIR)/DBRealmExample.app/DBRealmExample";
			};
			name = Debug;
		};
		7AC519CC2271962700F1050C /* Release */ = {
			isa = XCBuildConfiguration;
			baseConfigurationReference = 63DA5A3895F92FBEB7F83C88 /* Pods-DBRealmExampleTests.release.xcconfig */;
			buildSettings = {
				ALWAYS_EMBED_SWIFT_STANDARD_LIBRARIES = YES;
				BUNDLE_LOADER = "$(TEST_HOST)";
				CODE_SIGN_STYLE = Automatic;
				INFOPLIST_FILE = DBRealmExampleTests/Info.plist;
				LD_RUNPATH_SEARCH_PATHS = (
					"$(inherited)",
					"@executable_path/Frameworks",
					"@loader_path/Frameworks",
				);
				PRODUCT_BUNDLE_IDENTIFIER = adarsh.DBRealmExampleTests;
				PRODUCT_NAME = "$(TARGET_NAME)";
				SWIFT_VERSION = 5.0;
				TARGETED_DEVICE_FAMILY = "1,2";
				TEST_HOST = "$(BUILT_PRODUCTS_DIR)/DBRealmExample.app/DBRealmExample";
			};
			name = Release;
		};
		7AC519CE2271962700F1050C /* Debug */ = {
			isa = XCBuildConfiguration;
			baseConfigurationReference = B2D066AC5A98303D3CAF3286 /* Pods-DBRealmExampleUITests.debug.xcconfig */;
			buildSettings = {
				ALWAYS_EMBED_SWIFT_STANDARD_LIBRARIES = YES;
				CODE_SIGN_STYLE = Automatic;
				INFOPLIST_FILE = DBRealmExampleUITests/Info.plist;
				LD_RUNPATH_SEARCH_PATHS = (
					"$(inherited)",
					"@executable_path/Frameworks",
					"@loader_path/Frameworks",
				);
				PRODUCT_BUNDLE_IDENTIFIER = adarsh.DBRealmExampleUITests;
				PRODUCT_NAME = "$(TARGET_NAME)";
				SWIFT_VERSION = 5.0;
				TARGETED_DEVICE_FAMILY = "1,2";
				TEST_TARGET_NAME = DBRealmExample;
			};
			name = Debug;
		};
		7AC519CF2271962700F1050C /* Release */ = {
			isa = XCBuildConfiguration;
			baseConfigurationReference = C5EF8B392C1FBF6F648C1DCB /* Pods-DBRealmExampleUITests.release.xcconfig */;
			buildSettings = {
				ALWAYS_EMBED_SWIFT_STANDARD_LIBRARIES = YES;
				CODE_SIGN_STYLE = Automatic;
				INFOPLIST_FILE = DBRealmExampleUITests/Info.plist;
				LD_RUNPATH_SEARCH_PATHS = (
					"$(inherited)",
					"@executable_path/Frameworks",
					"@loader_path/Frameworks",
				);
				PRODUCT_BUNDLE_IDENTIFIER = adarsh.DBRealmExampleUITests;
				PRODUCT_NAME = "$(TARGET_NAME)";
				SWIFT_VERSION = 5.0;
				TARGETED_DEVICE_FAMILY = "1,2";
				TEST_TARGET_NAME = DBRealmExample;
			};
			name = Release;
		};
/* End XCBuildConfiguration section */

/* Begin XCConfigurationList section */
		7AC5199A2271962600F1050C /* Build configuration list for PBXProject "DBRealmExample" */ = {
			isa = XCConfigurationList;
			buildConfigurations = (
				7AC519C52271962700F1050C /* Debug */,
				7AC519C62271962700F1050C /* Release */,
			);
			defaultConfigurationIsVisible = 0;
			defaultConfigurationName = Release;
		};
		7AC519C72271962700F1050C /* Build configuration list for PBXNativeTarget "DBRealmExample" */ = {
			isa = XCConfigurationList;
			buildConfigurations = (
				7AC519C82271962700F1050C /* Debug */,
				7AC519C92271962700F1050C /* Release */,
			);
			defaultConfigurationIsVisible = 0;
			defaultConfigurationName = Release;
		};
		7AC519CA2271962700F1050C /* Build configuration list for PBXNativeTarget "DBRealmExampleTests" */ = {
			isa = XCConfigurationList;
			buildConfigurations = (
				7AC519CB2271962700F1050C /* Debug */,
				7AC519CC2271962700F1050C /* Release */,
			);
			defaultConfigurationIsVisible = 0;
			defaultConfigurationName = Release;
		};
		7AC519CD2271962700F1050C /* Build configuration list for PBXNativeTarget "DBRealmExampleUITests" */ = {
			isa = XCConfigurationList;
			buildConfigurations = (
				7AC519CE2271962700F1050C /* Debug */,
				7AC519CF2271962700F1050C /* Release */,
			);
			defaultConfigurationIsVisible = 0;
			defaultConfigurationName = Release;
		};
/* End XCConfigurationList section */
	};
	rootObject = 7AC519972271962600F1050C /* Project object */;
}
